
Microsoft Visual Studio Solution File, Format Version 12.00
# Visual Studio Version 17
VisualStudioVersion = 17.6.33829.357
MinimumVisualStudioVersion = 10.0.40219.1
Project("{FAE04EC0-301F-11D3-BF4B-00C04F79EFBC}") = "E-Learning ( Summer Courses)", "E-Learning ( Summer Courses)\E-Learning ( Summer Courses).csproj", "{1E5685DA-F641-46B5-966D-62269937B412}"
EndProject
Global
	GlobalSection(SolutionConfigurationPlatforms) = preSolution
		Debug|Any CPU = Debug|Any CPU
		Release|Any CPU = Release|Any CPU
	EndGlobalSection
	GlobalSection(ProjectConfigurationPlatforms) = postSolution
		{1E5685DA-F641-46B5-966D-62269937B412}.Debug|Any CPU.ActiveCfg = Debug|Any CPU
		{1E5685DA-F641-46B5-966D-62269937B412}.Debug|Any CPU.Build.0 = Debug|Any CPU
		{1E5685DA-F641-46B5-966D-62269937B412}.Release|Any CPU.ActiveCfg = Release|Any CPU
		{1E5685DA-F641-46B5-966D-62269937B412}.Release|Any CPU.Build.0 = Release|Any CPU
	EndGlobalSection
	GlobalSection(SolutionProperties) = preSolution
		HideSolutionNode = FALSE
	EndGlobalSection
	GlobalSection(ExtensibilityGlobals) = postSolution
		SolutionGuid = {39C4BEBC-559F-4C47-89B4-1ACDA5501D3C}
	EndGlobalSection
EndGlobal
